{
  "name": "watch",
  "version": "1.0.0",
  "lockfileVersion": 3,
  "requires": true,
  "packages": {
    "": {
      "name": "watch",
      "version": "1.0.0",
      "license": "ISC",
      "dependencies": {
        "@zeppos/zml": "^0.0.41"
      }
    },
    "node_modules/@zeppos/zml": {
      "version": "0.0.41",
      "resolved": "https://registry.npmjs.org/@zeppos/zml/-/zml-0.0.41.tgz",
      "integrity": "sha512-MSw+/EOFp3iC87JicEIUc5V82UNWP3W0NdrKn/o8/LP4UeiQ7mvvq1zRzk/7xKnKPAHtbdZ25xIJyad+wECMrw==",
      "license": "Apache-2.0"
    }
  }
}
